
Microsoft Visual Studio Solution File, Format Version 12.00
# Visual Studio 15
VisualStudioVersion = 15.0.28307.271
MinimumVisualStudioVersion = 10.0.40219.1
Project("{FAE04EC0-301F-11D3-BF4B-00C04F79EFBC}") = "TemplatingLib", "TemplatingLib\TemplatingLib.csproj", "{287CCD12-2702-4610-AEAE-E05946F7EC4E}"
EndProject
Global
	GlobalSection(SolutionConfigurationPlatforms) = preSolution
		Debug|Any CPU = Debug|Any CPU
		Release|Any CPU = Release|Any CPU
	EndGlobalSection
	GlobalSection(ProjectConfigurationPlatforms) = postSolution
		{287CCD12-2702-4610-AEAE-E05946F7EC4E}.Debug|Any CPU.ActiveCfg = Debug|Any CPU
		{287CCD12-2702-4610-AEAE-E05946F7EC4E}.Debug|Any CPU.Build.0 = Debug|Any CPU
		{287CCD12-2702-4610-AEAE-E05946F7EC4E}.Release|Any CPU.ActiveCfg = Release|Any CPU
		{287CCD12-2702-4610-AEAE-E05946F7EC4E}.Release|Any CPU.Build.0 = Release|Any CPU
	EndGlobalSection
	GlobalSection(SolutionProperties) = preSolution
		HideSolutionNode = FALSE
	EndGlobalSection
	GlobalSection(ExtensibilityGlobals) = postSolution
		SolutionGuid = {6C4CC8E8-C798-492C-B4CF-BFA28289CC57}
	EndGlobalSection
EndGlobal
